
Microsoft Visual Studio Solution File, Format Version 12.00
# Visual Studio 15
VisualStudioVersion = 15.0.28010.2026
MinimumVisualStudioVersion = 10.0.40219.1
Project("{9A19103F-16F7-4668-BE54-9A1E7A4F7556}") = "Couchbase.Mocks", "Couchbase.Mocks\Couchbase.Mocks.csproj", "{8463F53F-8A00-461D-80FD-125AA34A5EE8}"
EndProject
Project("{FAE04EC0-301F-11D3-BF4B-00C04F79EFBC}") = "Couchbase.Mocks.UnitTests", "Couchbase.Mocks.UnitTests\Couchbase.Mocks.UnitTests.csproj", "{65EA0206-1302-4556-A6EA-9EE7C17765D9}"
EndProject
Project("{FAE04EC0-301F-11D3-BF4B-00C04F79EFBC}") = "Couchbase.Mocks.Linq", "Couchbase.Mocks.Linq\Couchbase.Mocks.Linq.csproj", "{D2A00670-EEF9-4225-9A7A-91C52A7A7833}"
EndProject
Global
	GlobalSection(SolutionConfigurationPlatforms) = preSolution
		Debug|Any CPU = Debug|Any CPU
		Release|Any CPU = Release|Any CPU
	EndGlobalSection
	GlobalSection(ProjectConfigurationPlatforms) = postSolution
		{8463F53F-8A00-461D-80FD-125AA34A5EE8}.Debug|Any CPU.ActiveCfg = Debug|Any CPU
		{8463F53F-8A00-461D-80FD-125AA34A5EE8}.Debug|Any CPU.Build.0 = Debug|Any CPU
		{8463F53F-8A00-461D-80FD-125AA34A5EE8}.Release|Any CPU.ActiveCfg = Release|Any CPU
		{8463F53F-8A00-461D-80FD-125AA34A5EE8}.Release|Any CPU.Build.0 = Release|Any CPU
		{65EA0206-1302-4556-A6EA-9EE7C17765D9}.Debug|Any CPU.ActiveCfg = Debug|Any CPU
		{65EA0206-1302-4556-A6EA-9EE7C17765D9}.Debug|Any CPU.Build.0 = Debug|Any CPU
		{65EA0206-1302-4556-A6EA-9EE7C17765D9}.Release|Any CPU.ActiveCfg = Release|Any CPU
		{65EA0206-1302-4556-A6EA-9EE7C17765D9}.Release|Any CPU.Build.0 = Release|Any CPU
		{D2A00670-EEF9-4225-9A7A-91C52A7A7833}.Debug|Any CPU.ActiveCfg = Debug|Any CPU
		{D2A00670-EEF9-4225-9A7A-91C52A7A7833}.Debug|Any CPU.Build.0 = Debug|Any CPU
		{D2A00670-EEF9-4225-9A7A-91C52A7A7833}.Release|Any CPU.ActiveCfg = Release|Any CPU
		{D2A00670-EEF9-4225-9A7A-91C52A7A7833}.Release|Any CPU.Build.0 = Release|Any CPU
	EndGlobalSection
	GlobalSection(SolutionProperties) = preSolution
		HideSolutionNode = FALSE
	EndGlobalSection
	GlobalSection(ExtensibilityGlobals) = postSolution
		SolutionGuid = {67C8DC20-994C-4DF2-927B-E6ABEF2F206E}
	EndGlobalSection
EndGlobal
